
Microsoft Visual Studio Solution File, Format Version 12.00
# Visual Studio Version 17
VisualStudioVersion = 17.9.34607.119
MinimumVisualStudioVersion = 10.0.40219.1
Project("{FAE04EC0-301F-11D3-BF4B-00C04F79EFBC}") = "ShopLapTop", "ShopLapTop\ShopLapTop.csproj", "{22578042-D300-47C0-92F3-1AC14828DC9A}"
EndProject
Project("{FAE04EC0-301F-11D3-BF4B-00C04F79EFBC}") = "ShopLapTop.IRepository", "ShopLapTop.IRepository\ShopLapTop.IRepository.csproj", "{0ACD2D5E-E788-45DC-A076-7FB187B28737}"
EndProject
Project("{FAE04EC0-301F-11D3-BF4B-00C04F79EFBC}") = "ShopLapTop.Model", "ShopLapTop.Model\ShopLapTop.Model.csproj", "{D7AC098C-D2A4-459B-B2B6-002383F04624}"
EndProject
Project("{FAE04EC0-301F-11D3-BF4B-00C04F79EFBC}") = "ShopLapTop.Repository", "ShopLapTop.Repository\ShopLapTop.Repository.csproj", "{A7F37972-28B9-4F67-AFC2-203F32EE7A13}"
EndProject
Global
	GlobalSection(SolutionConfigurationPlatforms) = preSolution
		Debug|Any CPU = Debug|Any CPU
		Release|Any CPU = Release|Any CPU
	EndGlobalSection
	GlobalSection(ProjectConfigurationPlatforms) = postSolution
		{22578042-D300-47C0-92F3-1AC14828DC9A}.Debug|Any CPU.ActiveCfg = Debug|Any CPU
		{22578042-D300-47C0-92F3-1AC14828DC9A}.Debug|Any CPU.Build.0 = Debug|Any CPU
		{22578042-D300-47C0-92F3-1AC14828DC9A}.Release|Any CPU.ActiveCfg = Release|Any CPU
		{22578042-D300-47C0-92F3-1AC14828DC9A}.Release|Any CPU.Build.0 = Release|Any CPU
		{0ACD2D5E-E788-45DC-A076-7FB187B28737}.Debug|Any CPU.ActiveCfg = Debug|Any CPU
		{0ACD2D5E-E788-45DC-A076-7FB187B28737}.Debug|Any CPU.Build.0 = Debug|Any CPU
		{0ACD2D5E-E788-45DC-A076-7FB187B28737}.Release|Any CPU.ActiveCfg = Release|Any CPU
		{0ACD2D5E-E788-45DC-A076-7FB187B28737}.Release|Any CPU.Build.0 = Release|Any CPU
		{D7AC098C-D2A4-459B-B2B6-002383F04624}.Debug|Any CPU.ActiveCfg = Debug|Any CPU
		{D7AC098C-D2A4-459B-B2B6-002383F04624}.Debug|Any CPU.Build.0 = Debug|Any CPU
		{D7AC098C-D2A4-459B-B2B6-002383F04624}.Release|Any CPU.ActiveCfg = Release|Any CPU
		{D7AC098C-D2A4-459B-B2B6-002383F04624}.Release|Any CPU.Build.0 = Release|Any CPU
		{A7F37972-28B9-4F67-AFC2-203F32EE7A13}.Debug|Any CPU.ActiveCfg = Debug|Any CPU
		{A7F37972-28B9-4F67-AFC2-203F32EE7A13}.Debug|Any CPU.Build.0 = Debug|Any CPU
		{A7F37972-28B9-4F67-AFC2-203F32EE7A13}.Release|Any CPU.ActiveCfg = Release|Any CPU
		{A7F37972-28B9-4F67-AFC2-203F32EE7A13}.Release|Any CPU.Build.0 = Release|Any CPU
	EndGlobalSection
	GlobalSection(SolutionProperties) = preSolution
		HideSolutionNode = FALSE
	EndGlobalSection
	GlobalSection(ExtensibilityGlobals) = postSolution
		SolutionGuid = {4F395084-7204-4CA7-8863-D50A06608E62}
	EndGlobalSection
EndGlobal
